// !$*UTF8*$!
{
	archiveVersion = 1;
	classes = {
	};
	objectVersion = 48;
	objects = {

/* Begin PBXBuildFile section */
		E237DA521FFC729000EE054E /* AppDelegate.swift in Sources */ = {isa = PBXBuildFile; fileRef = E237DA511FFC729000EE054E /* AppDelegate.swift */; };
		E237DA541FFC729000EE054E /* ViewController.swift in Sources */ = {isa = PBXBuildFile; fileRef = E237DA531FFC729000EE054E /* ViewController.swift */; };
		E237DA561FFC729000EE054E /* Assets.xcassets in Resources */ = {isa = PBXBuildFile; fileRef = E237DA551FFC729000EE054E /* Assets.xcassets */; };
		E237DA591FFC729000EE054E /* Main.storyboard in Resources */ = {isa = PBXBuildFile; fileRef = E237DA571FFC729000EE054E /* Main.storyboard */; };
		E237DA621FFC769500EE054E /* DragImageView.swift in Sources */ = {isa = PBXBuildFile; fileRef = E237DA611FFC769500EE054E /* DragImageView.swift */; };
		E2B203F12004503000CE65DA /* NSImage+Ext.swift in Sources */ = {isa = PBXBuildFile; fileRef = E2B203F02004503000CE65DA /* NSImage+Ext.swift */; };
		E2B203F32004506600CE65DA /* FileManager+Ext.swift in Sources */ = {isa = PBXBuildFile; fileRef = E2B203F22004506600CE65DA /* FileManager+Ext.swift */; };
		E2B203F52004509500CE65DA /* NSPasteboard+Ext.swift in Sources */ = {isa = PBXBuildFile; fileRef = E2B203F42004509500CE65DA /* NSPasteboard+Ext.swift */; };
		E2B203F7200450C200CE65DA /* imageSize.plist in Resources */ = {isa = PBXBuildFile; fileRef = E2B203F6200450C200CE65DA /* imageSize.plist */; };
/* End PBXBuildFile section */

/* Begin PBXFileReference section */
		E237DA4E1FFC729000EE054E /* AppIcons.app */ = {isa = PBXFileReference; explicitFileType = wrapper.application; includeInIndex = 0; path = AppIcons.app; sourceTree = BUILT_PRODUCTS_DIR; };
		E237DA511FFC729000EE054E /* AppDelegate.swift */ = {isa = PBXFileReference; lastKnownFileType = sourcecode.swift; path = AppDelegate.swift; sourceTree = "<group>"; };
		E237DA531FFC729000EE054E /* ViewController.swift */ = {isa = PBXFileReference; lastKnownFileType = sourcecode.swift; path = ViewController.swift; sourceTree = "<group>"; };
		E237DA551FFC729000EE054E /* Assets.xcassets */ = {isa = PBXFileReference; lastKnownFileType = folder.assetcatalog; path = Assets.xcassets; sourceTree = "<group>"; };
		E237DA581FFC729000EE054E /* Base */ = {isa = PBXFileReference; lastKnownFileType = file.storyboard; name = Base; path = Base.lproj/Main.storyboard; sourceTree = "<group>"; };
		E237DA5A1FFC729000EE054E /* Info.plist */ = {isa = PBXFileReference; lastKnownFileType = text.plist.xml; path = Info.plist; sourceTree = "<group>"; };
		E237DA611FFC769500EE054E /* DragImageView.swift */ = {isa = PBXFileReference; lastKnownFileType = sourcecode.swift; path = DragImageView.swift; sourceTree = "<group>"; };
		E2B203F02004503000CE65DA /* NSImage+Ext.swift */ = {isa = PBXFileReference; lastKnownFileType = sourcecode.swift; path = "NSImage+Ext.swift"; sourceTree = "<group>"; };
		E2B203F22004506600CE65DA /* FileManager+Ext.swift */ = {isa = PBXFileReference; lastKnownFileType = sourcecode.swift; path = "FileManager+Ext.swift"; sourceTree = "<group>"; };
		E2B203F42004509500CE65DA /* NSPasteboard+Ext.swift */ = {isa = PBXFileReference; lastKnownFileType = sourcecode.swift; path = "NSPasteboard+Ext.swift"; sourceTree = "<group>"; };
		E2B203F6200450C200CE65DA /* imageSize.plist */ = {isa = PBXFileReference; fileEncoding = 4; lastKnownFileType = text.plist.xml; path = imageSize.plist; sourceTree = "<group>"; };
/* End PBXFileReference section */

/* Begin PBXFrameworksBuildPhase section */
		E237DA4B1FFC729000EE054E /* Frameworks */ = {
			isa = PBXFrameworksBuildPhase;
			buildActionMask = 2147483647;
			files = (
			);
			runOnlyForDeploymentPostprocessing = 0;
		};
/* End PBXFrameworksBuildPhase section */

/* Begin PBXGroup section */
		E237DA451FFC729000EE054E = {
			isa = PBXGroup;
			children = (
				E237DA501FFC729000EE054E /* AppIcons */,
				E237DA4F1FFC729000EE054E /* Products */,
			);
			sourceTree = "<group>";
		};
		E237DA4F1FFC729000EE054E /* Products */ = {
			isa = PBXGroup;
			children = (
				E237DA4E1FFC729000EE054E /* AppIcons.app */,
			);
			name = Products;
			sourceTree = "<group>";
		};
		E237DA501FFC729000EE054E /* AppIcons */ = {
			isa = PBXGroup;
			children = (
				E237DA511FFC729000EE054E /* AppDelegate.swift */,
				E237DA611FFC769500EE054E /* DragImageView.swift */,
				E237DA531FFC729000EE054E /* ViewController.swift */,
				E2B203F6200450C200CE65DA /* imageSize.plist */,
				E237DA551FFC729000EE054E /* Assets.xcassets */,
				E237DA571FFC729000EE054E /* Main.storyboard */,
				E2B203F22004506600CE65DA /* FileManager+Ext.swift */,
				E2B203F42004509500CE65DA /* NSPasteboard+Ext.swift */,
				E2B203F02004503000CE65DA /* NSImage+Ext.swift */,
				E237DA5A1FFC729000EE054E /* Info.plist */,
			);
			path = AppIcons;
			sourceTree = "<group>";
		};
/* End PBXGroup section */

/* Begin PBXNativeTarget section */
		E237DA4D1FFC729000EE054E /* AppIcons */ = {
			isa = PBXNativeTarget;
			buildConfigurationList = E237DA5E1FFC729000EE054E /* Build configuration list for PBXNativeTarget "AppIcons" */;
			buildPhases = (
				E237DA4A1FFC729000EE054E /* Sources */,
				E237DA4B1FFC729000EE054E /* Frameworks */,
				E237DA4C1FFC729000EE054E /* Resources */,
			);
			buildRules = (
			);
			dependencies = (
			);
			name = AppIcons;
			productName = AppIcons;
			productReference = E237DA4E1FFC729000EE054E /* AppIcons.app */;
			productType = "com.apple.product-type.application";
		};
/* End PBXNativeTarget section */

/* Begin PBXProject section */
		E237DA461FFC729000EE054E /* Project object */ = {
			isa = PBXProject;
			attributes = {
				LastSwiftUpdateCheck = 0920;
				LastUpgradeCheck = 0920;
				ORGANIZATIONNAME = Alonso;
				TargetAttributes = {
					E237DA4D1FFC729000EE054E = {
						CreatedOnToolsVersion = 9.2;
						ProvisioningStyle = Automatic;
						SystemCapabilities = {
							com.apple.Sandbox = {
								enabled = 0;
							};
						};
					};
				};
			};
			buildConfigurationList = E237DA491FFC729000EE054E /* Build configuration list for PBXProject "AppIcons" */;
			compatibilityVersion = "Xcode 8.0";
			developmentRegion = en;
			hasScannedForEncodings = 0;
			knownRegions = (
				en,
				Base,
			);
			mainGroup = E237DA451FFC729000EE054E;
			productRefGroup = E237DA4F1FFC729000EE054E /* Products */;
			projectDirPath = "";
			projectRoot = "";
			targets = (
				E237DA4D1FFC729000EE054E /* AppIcons */,
			);
		};
/* End PBXProject section */

/* Begin PBXResourcesBuildPhase section */
		E237DA4C1FFC729000EE054E /* Resources */ = {
			isa = PBXResourcesBuildPhase;
			buildActionMask = 2147483647;
			files = (
				E237DA561FFC729000EE054E /* Assets.xcassets in Resources */,
				E2B203F7200450C200CE65DA /* imageSize.plist in Resources */,
				E237DA591FFC729000EE054E /* Main.storyboard in Resources */,
			);
			runOnlyForDeploymentPostprocessing = 0;
		};
/* End PBXResourcesBuildPhase section */

/* Begin PBXSourcesBuildPhase section */
		E237DA4A1FFC729000EE054E /* Sources */ = {
			isa = PBXSourcesBuildPhase;
			buildActionMask = 2147483647;
			files = (
				E2B203F32004506600CE65DA /* FileManager+Ext.swift in Sources */,
				E2B203F52004509500CE65DA /* NSPasteboard+Ext.swift in Sources */,
				E2B203F12004503000CE65DA /* NSImage+Ext.swift in Sources */,
				E237DA541FFC729000EE054E /* ViewController.swift in Sources */,
				E237DA621FFC769500EE054E /* DragImageView.swift in Sources */,
				E237DA521FFC729000EE054E /* AppDelegate.swift in Sources */,
			);
			runOnlyForDeploymentPostprocessing = 0;
		};
/* End PBXSourcesBuildPhase section */

/* Begin PBXVariantGroup section */
		E237DA571FFC729000EE054E /* Main.storyboard */ = {
			isa = PBXVariantGroup;
			children = (
				E237DA581FFC729000EE054E /* Base */,
			);
			name = Main.storyboard;
			sourceTree = "<group>";
		};
/* End PBXVariantGroup section */

/* Begin XCBuildConfiguration section */
		E237DA5C1FFC729000EE054E /* Debug */ = {
			isa = XCBuildConfiguration;
			buildSettings = {
				ALWAYS_SEARCH_USER_PATHS = NO;
				CLANG_ANALYZER_NONNULL = YES;
				CLANG_ANALYZER_NUMBER_OBJECT_CONVERSION = YES_AGGRESSIVE;
				CLANG_CXX_LANGUAGE_STANDARD = "gnu++14";
				CLANG_CXX_LIBRARY = "libc++";
				CLANG_ENABLE_MODULES = YES;
				CLANG_ENABLE_OBJC_ARC = YES;
				CLANG_WARN_BLOCK_CAPTURE_AUTORELEASING = YES;
				CLANG_WARN_BOOL_CONVERSION = YES;
				CLANG_WARN_COMMA = YES;
				CLANG_WARN_CONSTANT_CONVERSION = YES;
				CLANG_WARN_DIRECT_OBJC_ISA_USAGE = YES_ERROR;
				CLANG_WARN_DOCUMENTATION_COMMENTS = YES;
				CLANG_WARN_EMPTY_BODY = YES;
				CLANG_WARN_ENUM_CONVERSION = YES;
				CLANG_WARN_INFINITE_RECURSION = YES;
				CLANG_WARN_INT_CONVERSION = YES;
				CLANG_WARN_NON_LITERAL_NULL_CONVERSION = YES;
				CLANG_WARN_OBJC_LITERAL_CONVERSION = YES;
				CLANG_WARN_OBJC_ROOT_CLASS = YES_ERROR;
				CLANG_WARN_RANGE_LOOP_ANALYSIS = YES;
				CLANG_WARN_STRICT_PROTOTYPES = YES;
				CLANG_WARN_SUSPICIOUS_MOVE = YES;
				CLANG_WARN_UNGUARDED_AVAILABILITY = YES_AGGRESSIVE;
				CLANG_WARN_UNREACHABLE_CODE = YES;
				CLANG_WARN__DUPLICATE_METHOD_MATCH = YES;
				CODE_SIGN_IDENTITY = "Mac Developer";
				COPY_PHASE_STRIP = NO;
				DEBUG_INFORMATION_FORMAT = dwarf;
				ENABLE_STRICT_OBJC_MSGSEND = YES;
				ENABLE_TESTABILITY = YES;
				GCC_C_LANGUAGE_STANDARD = gnu11;
				GCC_DYNAMIC_NO_PIC = NO;
				GCC_NO_COMMON_BLOCKS = YES;
				GCC_OPTIMIZATION_LEVEL = 0;
				GCC_PREPROCESSOR_DEFINITIONS = (
					"DEBUG=1",
					"$(inherited)",
				);
				GCC_WARN_64_TO_32_BIT_CONVERSION = YES;
				GCC_WARN_ABOUT_RETURN_TYPE = YES_ERROR;
				GCC_WARN_UNDECLARED_SELECTOR = YES;
				GCC_WARN_UNINITIALIZED_AUTOS = YES_AGGRESSIVE;
				GCC_WARN_UNUSED_FUNCTION = YES;
				GCC_WARN_UNUSED_VARIABLE = YES;
				MACOSX_DEPLOYMENT_TARGET = 10.13;
				MTL_ENABLE_DEBUG_INFO = YES;
				ONLY_ACTIVE_ARCH = YES;
				SDKROOT = macosx;
				SWIFT_ACTIVE_COMPILATION_CONDITIONS = DEBUG;
				SWIFT_OPTIMIZATION_LEVEL = "-Onone";
			};
			name = Debug;
		};
		E237DA5D1FFC729000EE054E /* Release */ = {
			isa = XCBuildConfiguration;
			buildSettings = {
				ALWAYS_SEARCH_USER_PATHS = NO;
				CLANG_ANALYZER_NONNULL = YES;
				CLANG_ANALYZER_NUMBER_OBJECT_CONVERSION = YES_AGGRESSIVE;
				CLANG_CXX_LANGUAGE_STANDARD = "gnu++14";
				CLANG_CXX_LIBRARY = "libc++";
				CLANG_ENABLE_MODULES = YES;
				CLANG_ENABLE_OBJC_ARC = YES;
				CLANG_WARN_BLOCK_CAPTURE_AUTORELEASING = YES;
				CLANG_WARN_BOOL_CONVERSION = YES;
				CLANG_WARN_COMMA = YES;
				CLANG_WARN_CONSTANT_CONVERSION = YES;
				CLANG_WARN_DIRECT_OBJC_ISA_USAGE = YES_ERROR;
				CLANG_WARN_DOCUMENTATION_COMMENTS = YES;
				CLANG_WARN_EMPTY_BODY = YES;
				CLANG_WARN_ENUM_CONVERSION = YES;
				CLANG_WARN_INFINITE_RECURSION = YES;
				CLANG_WARN_INT_CONVERSION = YES;
				CLANG_WARN_NON_LITERAL_NULL_CONVERSION = YES;
				CLANG_WARN_OBJC_LITERAL_CONVERSION = YES;
				CLANG_WARN_OBJC_ROOT_CLASS = YES_ERROR;
				CLANG_WARN_RANGE_LOOP_ANALYSIS = YES;
				CLANG_WARN_STRICT_PROTOTYPES = YES;
				CLANG_WARN_SUSPICIOUS_MOVE = YES;
				CLANG_WARN_UNGUARDED_AVAILABILITY = YES_AGGRESSIVE;
				CLANG_WARN_UNREACHABLE_CODE = YES;
				CLANG_WARN__DUPLICATE_METHOD_MATCH = YES;
				CODE_SIGN_IDENTITY = "Mac Developer";
				COPY_PHASE_STRIP = NO;
				DEBUG_INFORMATION_FORMAT = "dwarf-with-dsym";
				ENABLE_NS_ASSERTIONS = NO;
				ENABLE_STRICT_OBJC_MSGSEND = YES;
				GCC_C_LANGUAGE_STANDARD = gnu11;
				GCC_NO_COMMON_BLOCKS = YES;
				GCC_WARN_64_TO_32_BIT_CONVERSION = YES;
				GCC_WARN_ABOUT_RETURN_TYPE = YES_ERROR;
				GCC_WARN_UNDECLARED_SELECTOR = YES;
				GCC_WARN_UNINITIALIZED_AUTOS = YES_AGGRESSIVE;
				GCC_WARN_UNUSED_FUNCTION = YES;
				GCC_WARN_UNUSED_VARIABLE = YES;
				MACOSX_DEPLOYMENT_TARGET = 10.13;
				MTL_ENABLE_DEBUG_INFO = NO;
				SDKROOT = macosx;
				SWIFT_OPTIMIZATION_LEVEL = "-Owholemodule";
			};
			name = Release;
		};
		E237DA5F1FFC729000EE054E /* Debug */ = {
			isa = XCBuildConfiguration;
			buildSettings = {
				ASSETCATALOG_COMPILER_APPICON_NAME = AppIcon;
				CODE_SIGN_STYLE = Automatic;
				COMBINE_HIDPI_IMAGES = YES;
				DEVELOPMENT_TEAM = 8LP5KW6GHL;
				INFOPLIST_FILE = AppIcons/Info.plist;
				LD_RUNPATH_SEARCH_PATHS = "$(inherited) @executable_path/../Frameworks";
				PRODUCT_BUNDLE_IDENTIFIER = wistron.AppIcons;
				PRODUCT_NAME = "$(TARGET_NAME)";
				SWIFT_VERSION = 4.0;
			};
			name = Debug;
		};
		E237DA601FFC729000EE054E /* Release */ = {
			isa = XCBuildConfiguration;
			buildSettings = {
				ASSETCATALOG_COMPILER_APPICON_NAME = AppIcon;
				CODE_SIGN_STYLE = Automatic;
				COMBINE_HIDPI_IMAGES = YES;
				DEVELOPMENT_TEAM = 8LP5KW6GHL;
				INFOPLIST_FILE = AppIcons/Info.plist;
				LD_RUNPATH_SEARCH_PATHS = "$(inherited) @executable_path/../Frameworks";
				PRODUCT_BUNDLE_IDENTIFIER = wistron.AppIcons;
				PRODUCT_NAME = "$(TARGET_NAME)";
				SWIFT_VERSION = 4.0;
			};
			name = Release;
		};
/* End XCBuildConfiguration section */

/* Begin XCConfigurationList section */
		E237DA491FFC729000EE054E /* Build configuration list for PBXProject "AppIcons" */ = {
			isa = XCConfigurationList;
			buildConfigurations = (
				E237DA5C1FFC729000EE054E /* Debug */,
				E237DA5D1FFC729000EE054E /* Release */,
			);
			defaultConfigurationIsVisible = 0;
			defaultConfigurationName = Release;
		};
		E237DA5E1FFC729000EE054E /* Build configuration list for PBXNativeTarget "AppIcons" */ = {
			isa = XCConfigurationList;
			buildConfigurations = (
				E237DA5F1FFC729000EE054E /* Debug */,
				E237DA601FFC729000EE054E /* Release */,
			);
			defaultConfigurationIsVisible = 0;
			defaultConfigurationName = Release;
		};
/* End XCConfigurationList section */
	};
	rootObject = E237DA461FFC729000EE054E /* Project object */;
}
